
Microsoft Visual Studio Solution File, Format Version 12.00
# Visual Studio Version 16
VisualStudioVersion = 16.0.29613.14
MinimumVisualStudioVersion = 10.0.40219.1
Project("{FAE04EC0-301F-11D3-BF4B-00C04F79EFBC}") = "PoC.HttpRequest.Throttling", "PoC.HttpRequest.Throttling.csproj", "{3F39CE9F-3D88-42AB-B8E7-9920C872AF0B}"
EndProject
Global
	GlobalSection(SolutionConfigurationPlatforms) = preSolution
		Debug|Any CPU = Debug|Any CPU
		Release|Any CPU = Release|Any CPU
	EndGlobalSection
	GlobalSection(ProjectConfigurationPlatforms) = postSolution
		{3F39CE9F-3D88-42AB-B8E7-9920C872AF0B}.Debug|Any CPU.ActiveCfg = Debug|Any CPU
		{3F39CE9F-3D88-42AB-B8E7-9920C872AF0B}.Debug|Any CPU.Build.0 = Debug|Any CPU
		{3F39CE9F-3D88-42AB-B8E7-9920C872AF0B}.Release|Any CPU.ActiveCfg = Release|Any CPU
		{3F39CE9F-3D88-42AB-B8E7-9920C872AF0B}.Release|Any CPU.Build.0 = Release|Any CPU
	EndGlobalSection
	GlobalSection(SolutionProperties) = preSolution
		HideSolutionNode = FALSE
	EndGlobalSection
	GlobalSection(ExtensibilityGlobals) = postSolution
		SolutionGuid = {607C95AC-F4B0-43AF-A74C-DC49473BE566}
	EndGlobalSection
EndGlobal
